// !$*UTF8*$!
{
	archiveVersion = 1;
	classes = {
	};
	objectVersion = 52;
	objects = {

/* Begin PBXBuildFile section */
		3022698824BF09A3005A864C /* DonateView.swift in Sources */ = {isa = PBXBuildFile; fileRef = 3022698724BF09A3005A864C /* DonateView.swift */; };
		3022698A24BF09BA005A864C /* DonateView.xib in Resources */ = {isa = PBXBuildFile; fileRef = 3022698924BF09BA005A864C /* DonateView.xib */; };
		302BB01824BD65C6000EB297 /* Endpoint.swift in Sources */ = {isa = PBXBuildFile; fileRef = 302BB01724BD65C6000EB297 /* Endpoint.swift */; };
		302BB01A24BD65DB000EB297 /* NetworkDispatcher.swift in Sources */ = {isa = PBXBuildFile; fileRef = 302BB01924BD65DB000EB297 /* NetworkDispatcher.swift */; };
		302BB01C24BD661E000EB297 /* Session+NetworkDispatcher.swift in Sources */ = {isa = PBXBuildFile; fileRef = 302BB01B24BD661D000EB297 /* Session+NetworkDispatcher.swift */; };
		302BB01F24BD66CE000EB297 /* UseCase.swift in Sources */ = {isa = PBXBuildFile; fileRef = 302BB01E24BD66CE000EB297 /* UseCase.swift */; };
		302BB02224BD67B8000EB297 /* NetworkError.swift in Sources */ = {isa = PBXBuildFile; fileRef = 302BB02124BD67B8000EB297 /* NetworkError.swift */; };
		302BB02524BD68BE000EB297 /* Request.swift in Sources */ = {isa = PBXBuildFile; fileRef = 302BB02424BD68BE000EB297 /* Request.swift */; };
		302BB02824BD6ED9000EB297 /* DonationDetailViewController.swift in Sources */ = {isa = PBXBuildFile; fileRef = 302BB02624BD6ED9000EB297 /* DonationDetailViewController.swift */; };
		302BB02924BD6ED9000EB297 /* DonationDetailViewController.xib in Resources */ = {isa = PBXBuildFile; fileRef = 302BB02724BD6ED9000EB297 /* DonationDetailViewController.xib */; };
		306FA78224BD585200279A18 /* EmptyPlateCollectionViewCell.swift in Sources */ = {isa = PBXBuildFile; fileRef = 306FA78024BD585200279A18 /* EmptyPlateCollectionViewCell.swift */; };
		306FA78324BD585200279A18 /* EmptyPlateCollectionViewCell.xib in Resources */ = {isa = PBXBuildFile; fileRef = 306FA78124BD585200279A18 /* EmptyPlateCollectionViewCell.xib */; };
		306FA78D24BD61C300279A18 /* Alamofire in Frameworks */ = {isa = PBXBuildFile; productRef = 306FA78C24BD61C300279A18 /* Alamofire */; };
		30B0A2F624BD9CCA00BB9E55 /* EmptyPlateUseCase.swift in Sources */ = {isa = PBXBuildFile; fileRef = 30B0A2F524BD9CCA00BB9E55 /* EmptyPlateUseCase.swift */; };
		30B0A2F824BD9E0300BB9E55 /* EmptyPlateRequest.swift in Sources */ = {isa = PBXBuildFile; fileRef = 30B0A2F724BD9E0300BB9E55 /* EmptyPlateRequest.swift */; };
		30B0A2FB24BD9F2F00BB9E55 /* ChallengeEmptyPlate.swift in Sources */ = {isa = PBXBuildFile; fileRef = 30B0A2FA24BD9F2F00BB9E55 /* ChallengeEmptyPlate.swift */; };
		30B0A2FE24BDA4BD00BB9E55 /* Kingfisher in Frameworks */ = {isa = PBXBuildFile; productRef = 30B0A2FD24BDA4BD00BB9E55 /* Kingfisher */; };
		30B0A30024BDC2AA00BB9E55 /* TodayRecord.swift in Sources */ = {isa = PBXBuildFile; fileRef = 30B0A2FF24BDC2AA00BB9E55 /* TodayRecord.swift */; };
		30B0A30224BDC2FF00BB9E55 /* TodayRecordRequest.swift in Sources */ = {isa = PBXBuildFile; fileRef = 30B0A30124BDC2FF00BB9E55 /* TodayRecordRequest.swift */; };
		30B0A30424BDC37900BB9E55 /* TodayRecordUseCase.swift in Sources */ = {isa = PBXBuildFile; fileRef = 30B0A30324BDC37900BB9E55 /* TodayRecordUseCase.swift */; };
		30B0A30824BDCE7F00BB9E55 /* PersonalTotalSavingUseCase.swift in Sources */ = {isa = PBXBuildFile; fileRef = 30B0A30724BDCE7F00BB9E55 /* PersonalTotalSavingUseCase.swift */; };
		30B0A30A24BDCEB300BB9E55 /* PersonalTotalSavingRequest.swift in Sources */ = {isa = PBXBuildFile; fileRef = 30B0A30924BDCEB300BB9E55 /* PersonalTotalSavingRequest.swift */; };
		30B0A30C24BDCEE400BB9E55 /* PersonalTotalSaving.swift in Sources */ = {isa = PBXBuildFile; fileRef = 30B0A30B24BDCEE400BB9E55 /* PersonalTotalSaving.swift */; };
		30DA856824BED09600297204 /* DonationDetail.swift in Sources */ = {isa = PBXBuildFile; fileRef = 30DA856724BED09600297204 /* DonationDetail.swift */; };
		30DA856A24BED26A00297204 /* DonationProjectDetailUseCase.swift in Sources */ = {isa = PBXBuildFile; fileRef = 30DA856924BED26A00297204 /* DonationProjectDetailUseCase.swift */; };
		30DA856C24BED2B200297204 /* DonationProjectDetailRequest.swift in Sources */ = {isa = PBXBuildFile; fileRef = 30DA856B24BED2B100297204 /* DonationProjectDetailRequest.swift */; };
		380B222724BDEA6C0004FA55 /* DonationUseCase.swift in Sources */ = {isa = PBXBuildFile; fileRef = 380B222624BDEA6C0004FA55 /* DonationUseCase.swift */; };
		380B222924BDEA9B0004FA55 /* DonationClosingProjectRequest.swift in Sources */ = {isa = PBXBuildFile; fileRef = 380B222824BDEA9B0004FA55 /* DonationClosingProjectRequest.swift */; };
		380B222B24BDEAD30004FA55 /* DonationWholeProjectRequest.swift in Sources */ = {isa = PBXBuildFile; fileRef = 380B222A24BDEAD30004FA55 /* DonationWholeProjectRequest.swift */; };
		380B222E24BEA4DE0004FA55 /* Int+DecimalStyle.swift in Sources */ = {isa = PBXBuildFile; fileRef = 380B222D24BEA4DE0004FA55 /* Int+DecimalStyle.swift */; };
		383D8C7C24BC8E4D00561EF3 /* DonationProjectCollectionView.swift in Sources */ = {isa = PBXBuildFile; fileRef = 383D8C7B24BC8E4D00561EF3 /* DonationProjectCollectionView.swift */; };
		383D8C7F24BC8F5500561EF3 /* DonationProjectCell.swift in Sources */ = {isa = PBXBuildFile; fileRef = 383D8C7D24BC8F5500561EF3 /* DonationProjectCell.swift */; };
		383D8C8024BC8F5500561EF3 /* DonationProjectCell.xib in Resources */ = {isa = PBXBuildFile; fileRef = 383D8C7E24BC8F5500561EF3 /* DonationProjectCell.xib */; };
		383D8C8224BC920100561EF3 /* UIView+Border.swift in Sources */ = {isa = PBXBuildFile; fileRef = 383D8C8124BC920100561EF3 /* UIView+Border.swift */; };
		383D8C8424BC921600561EF3 /* UIView+Shadow.swift in Sources */ = {isa = PBXBuildFile; fileRef = 383D8C8324BC921600561EF3 /* UIView+Shadow.swift */; };
		383D8C8724BC94BE00561EF3 /* ViewModelBinding.swift in Sources */ = {isa = PBXBuildFile; fileRef = 383D8C8624BC94BE00561EF3 /* ViewModelBinding.swift */; };
		383D8C8D24BC97F700561EF3 /* DonationProject.swift in Sources */ = {isa = PBXBuildFile; fileRef = 383D8C8C24BC97F700561EF3 /* DonationProject.swift */; };
		383D8C8F24BCA0DE00561EF3 /* ClosingDonationProjectCollectionViewDelegate.swift in Sources */ = {isa = PBXBuildFile; fileRef = 383D8C8E24BCA0DE00561EF3 /* ClosingDonationProjectCollectionViewDelegate.swift */; };
		383F239B24BEAD7400C5E8C9 /* UIView+Animation.swift in Sources */ = {isa = PBXBuildFile; fileRef = 383F239A24BEAD7400C5E8C9 /* UIView+Animation.swift */; };
		38652A3724BC86B7006A8A48 /* ClosingDonationProjectCollectionView.swift in Sources */ = {isa = PBXBuildFile; fileRef = 38652A3624BC86B7006A8A48 /* ClosingDonationProjectCollectionView.swift */; };
		38652A3A24BC89E4006A8A48 /* ClosingDonationProjectCell.swift in Sources */ = {isa = PBXBuildFile; fileRef = 38652A3824BC89E4006A8A48 /* ClosingDonationProjectCell.swift */; };
		38652A3B24BC89E4006A8A48 /* ClosingDonationProjectCell.xib in Resources */ = {isa = PBXBuildFile; fileRef = 38652A3924BC89E4006A8A48 /* ClosingDonationProjectCell.xib */; };
		38714B2124BC780A00E9B9FC /* AppDelegate.swift in Sources */ = {isa = PBXBuildFile; fileRef = 38714B2024BC780A00E9B9FC /* AppDelegate.swift */; };
		38714B2324BC780A00E9B9FC /* SceneDelegate.swift in Sources */ = {isa = PBXBuildFile; fileRef = 38714B2224BC780A00E9B9FC /* SceneDelegate.swift */; };
		38714B2524BC780A00E9B9FC /* TabBarViewController.swift in Sources */ = {isa = PBXBuildFile; fileRef = 38714B2424BC780A00E9B9FC /* TabBarViewController.swift */; };
		38714B2A24BC780C00E9B9FC /* Assets.xcassets in Resources */ = {isa = PBXBuildFile; fileRef = 38714B2924BC780C00E9B9FC /* Assets.xcassets */; };
		38714B2D24BC780C00E9B9FC /* LaunchScreen.storyboard in Resources */ = {isa = PBXBuildFile; fileRef = 38714B2B24BC780C00E9B9FC /* LaunchScreen.storyboard */; };
		38714B3824BC7B7C00E9B9FC /* UIViewController+loadFromNib.swift in Sources */ = {isa = PBXBuildFile; fileRef = 38714B3724BC7B7C00E9B9FC /* UIViewController+loadFromNib.swift */; };
		38714B3C24BC7BFD00E9B9FC /* HomeViewController.swift in Sources */ = {isa = PBXBuildFile; fileRef = 38714B3A24BC7BFD00E9B9FC /* HomeViewController.swift */; };
		38714B3D24BC7BFD00E9B9FC /* HomeViewController.xib in Resources */ = {isa = PBXBuildFile; fileRef = 38714B3B24BC7BFD00E9B9FC /* HomeViewController.xib */; };
		38714B4124BC7FA400E9B9FC /* DonationViewController.swift in Sources */ = {isa = PBXBuildFile; fileRef = 38714B3F24BC7FA400E9B9FC /* DonationViewController.swift */; };
		38714B4224BC7FA400E9B9FC /* DonationViewController.xib in Resources */ = {isa = PBXBuildFile; fileRef = 38714B4024BC7FA400E9B9FC /* DonationViewController.xib */; };
		38EB2A7224BD80C4002CBDEA /* DonationProjectCollectionViewDataSource.swift in Sources */ = {isa = PBXBuildFile; fileRef = 38EB2A7124BD80C4002CBDEA /* DonationProjectCollectionViewDataSource.swift */; };
		38EB2A7424BD8505002CBDEA /* WholeDonationProjectCollectionViewDelegate.swift in Sources */ = {isa = PBXBuildFile; fileRef = 38EB2A7324BD8505002CBDEA /* WholeDonationProjectCollectionViewDelegate.swift */; };
		38EB2A7824BDA61D002CBDEA /* ChallengeViewController.swift in Sources */ = {isa = PBXBuildFile; fileRef = 38EB2A7624BDA61D002CBDEA /* ChallengeViewController.swift */; };
		38EB2A7924BDA61D002CBDEA /* ChallengeViewController.xib in Resources */ = {isa = PBXBuildFile; fileRef = 38EB2A7724BDA61D002CBDEA /* ChallengeViewController.xib */; };
		38EB2A7D24BDD3B7002CBDEA /* ChallengeCollectionView.swift in Sources */ = {isa = PBXBuildFile; fileRef = 38EB2A7C24BDD3B7002CBDEA /* ChallengeCollectionView.swift */; };
		38EB2A8024BDD424002CBDEA /* ChallengeCell.swift in Sources */ = {isa = PBXBuildFile; fileRef = 38EB2A7E24BDD424002CBDEA /* ChallengeCell.swift */; };
		38EB2A8124BDD424002CBDEA /* ChallengeCell.xib in Resources */ = {isa = PBXBuildFile; fileRef = 38EB2A7F24BDD424002CBDEA /* ChallengeCell.xib */; };
		38EB2A8424BDD5C1002CBDEA /* ChallengeCollectionViewDataSource.swift in Sources */ = {isa = PBXBuildFile; fileRef = 38EB2A8324BDD5C1002CBDEA /* ChallengeCollectionViewDataSource.swift */; };
/* End PBXBuildFile section */

/* Begin PBXFileReference section */
		3022698724BF09A3005A864C /* DonateView.swift */ = {isa = PBXFileReference; lastKnownFileType = sourcecode.swift; path = DonateView.swift; sourceTree = "<group>"; };
		3022698924BF09BA005A864C /* DonateView.xib */ = {isa = PBXFileReference; lastKnownFileType = file.xib; path = DonateView.xib; sourceTree = "<group>"; };
		302BB01724BD65C6000EB297 /* Endpoint.swift */ = {isa = PBXFileReference; lastKnownFileType = sourcecode.swift; path = Endpoint.swift; sourceTree = "<group>"; };
		302BB01924BD65DB000EB297 /* NetworkDispatcher.swift */ = {isa = PBXFileReference; lastKnownFileType = sourcecode.swift; path = NetworkDispatcher.swift; sourceTree = "<group>"; };
		302BB01B24BD661D000EB297 /* Session+NetworkDispatcher.swift */ = {isa = PBXFileReference; lastKnownFileType = sourcecode.swift; path = "Session+NetworkDispatcher.swift"; sourceTree = "<group>"; };
		302BB01E24BD66CE000EB297 /* UseCase.swift */ = {isa = PBXFileReference; lastKnownFileType = sourcecode.swift; path = UseCase.swift; sourceTree = "<group>"; };
		302BB02124BD67B8000EB297 /* NetworkError.swift */ = {isa = PBXFileReference; lastKnownFileType = sourcecode.swift; path = NetworkError.swift; sourceTree = "<group>"; };
		302BB02424BD68BE000EB297 /* Request.swift */ = {isa = PBXFileReference; lastKnownFileType = sourcecode.swift; path = Request.swift; sourceTree = "<group>"; };
		302BB02624BD6ED9000EB297 /* DonationDetailViewController.swift */ = {isa = PBXFileReference; lastKnownFileType = sourcecode.swift; path = DonationDetailViewController.swift; sourceTree = "<group>"; };
		302BB02724BD6ED9000EB297 /* DonationDetailViewController.xib */ = {isa = PBXFileReference; lastKnownFileType = file.xib; path = DonationDetailViewController.xib; sourceTree = "<group>"; };
		306FA78024BD585200279A18 /* EmptyPlateCollectionViewCell.swift */ = {isa = PBXFileReference; lastKnownFileType = sourcecode.swift; path = EmptyPlateCollectionViewCell.swift; sourceTree = "<group>"; };
		306FA78124BD585200279A18 /* EmptyPlateCollectionViewCell.xib */ = {isa = PBXFileReference; lastKnownFileType = file.xib; path = EmptyPlateCollectionViewCell.xib; sourceTree = "<group>"; };
		30B0A2F524BD9CCA00BB9E55 /* EmptyPlateUseCase.swift */ = {isa = PBXFileReference; lastKnownFileType = sourcecode.swift; path = EmptyPlateUseCase.swift; sourceTree = "<group>"; };
		30B0A2F724BD9E0300BB9E55 /* EmptyPlateRequest.swift */ = {isa = PBXFileReference; lastKnownFileType = sourcecode.swift; path = EmptyPlateRequest.swift; sourceTree = "<group>"; };
		30B0A2FA24BD9F2F00BB9E55 /* ChallengeEmptyPlate.swift */ = {isa = PBXFileReference; lastKnownFileType = sourcecode.swift; path = ChallengeEmptyPlate.swift; sourceTree = "<group>"; };
		30B0A2FF24BDC2AA00BB9E55 /* TodayRecord.swift */ = {isa = PBXFileReference; lastKnownFileType = sourcecode.swift; path = TodayRecord.swift; sourceTree = "<group>"; };
		30B0A30124BDC2FF00BB9E55 /* TodayRecordRequest.swift */ = {isa = PBXFileReference; lastKnownFileType = sourcecode.swift; path = TodayRecordRequest.swift; sourceTree = "<group>"; };
		30B0A30324BDC37900BB9E55 /* TodayRecordUseCase.swift */ = {isa = PBXFileReference; lastKnownFileType = sourcecode.swift; path = TodayRecordUseCase.swift; sourceTree = "<group>"; };
		30B0A30724BDCE7F00BB9E55 /* PersonalTotalSavingUseCase.swift */ = {isa = PBXFileReference; lastKnownFileType = sourcecode.swift; path = PersonalTotalSavingUseCase.swift; sourceTree = "<group>"; };
		30B0A30924BDCEB300BB9E55 /* PersonalTotalSavingRequest.swift */ = {isa = PBXFileReference; lastKnownFileType = sourcecode.swift; path = PersonalTotalSavingRequest.swift; sourceTree = "<group>"; };
		30B0A30B24BDCEE400BB9E55 /* PersonalTotalSaving.swift */ = {isa = PBXFileReference; lastKnownFileType = sourcecode.swift; path = PersonalTotalSaving.swift; sourceTree = "<group>"; };
		30DA856724BED09600297204 /* DonationDetail.swift */ = {isa = PBXFileReference; lastKnownFileType = sourcecode.swift; path = DonationDetail.swift; sourceTree = "<group>"; };
		30DA856924BED26A00297204 /* DonationProjectDetailUseCase.swift */ = {isa = PBXFileReference; lastKnownFileType = sourcecode.swift; path = DonationProjectDetailUseCase.swift; sourceTree = "<group>"; };
		30DA856B24BED2B100297204 /* DonationProjectDetailRequest.swift */ = {isa = PBXFileReference; lastKnownFileType = sourcecode.swift; path = DonationProjectDetailRequest.swift; sourceTree = "<group>"; };
		380B222624BDEA6C0004FA55 /* DonationUseCase.swift */ = {isa = PBXFileReference; lastKnownFileType = sourcecode.swift; path = DonationUseCase.swift; sourceTree = "<group>"; };
		380B222824BDEA9B0004FA55 /* DonationClosingProjectRequest.swift */ = {isa = PBXFileReference; lastKnownFileType = sourcecode.swift; path = DonationClosingProjectRequest.swift; sourceTree = "<group>"; };
		380B222A24BDEAD30004FA55 /* DonationWholeProjectRequest.swift */ = {isa = PBXFileReference; lastKnownFileType = sourcecode.swift; path = DonationWholeProjectRequest.swift; sourceTree = "<group>"; };
		380B222D24BEA4DE0004FA55 /* Int+DecimalStyle.swift */ = {isa = PBXFileReference; lastKnownFileType = sourcecode.swift; path = "Int+DecimalStyle.swift"; sourceTree = "<group>"; };
		383D8C7B24BC8E4D00561EF3 /* DonationProjectCollectionView.swift */ = {isa = PBXFileReference; lastKnownFileType = sourcecode.swift; path = DonationProjectCollectionView.swift; sourceTree = "<group>"; };
		383D8C7D24BC8F5500561EF3 /* DonationProjectCell.swift */ = {isa = PBXFileReference; lastKnownFileType = sourcecode.swift; path = DonationProjectCell.swift; sourceTree = "<group>"; };
		383D8C7E24BC8F5500561EF3 /* DonationProjectCell.xib */ = {isa = PBXFileReference; lastKnownFileType = file.xib; path = DonationProjectCell.xib; sourceTree = "<group>"; };
		383D8C8124BC920100561EF3 /* UIView+Border.swift */ = {isa = PBXFileReference; lastKnownFileType = sourcecode.swift; path = "UIView+Border.swift"; sourceTree = "<group>"; };
		383D8C8324BC921600561EF3 /* UIView+Shadow.swift */ = {isa = PBXFileReference; lastKnownFileType = sourcecode.swift; path = "UIView+Shadow.swift"; sourceTree = "<group>"; };
		383D8C8624BC94BE00561EF3 /* ViewModelBinding.swift */ = {isa = PBXFileReference; lastKnownFileType = sourcecode.swift; path = ViewModelBinding.swift; sourceTree = "<group>"; };
		383D8C8C24BC97F700561EF3 /* DonationProject.swift */ = {isa = PBXFileReference; lastKnownFileType = sourcecode.swift; path = DonationProject.swift; sourceTree = "<group>"; };
		383D8C8E24BCA0DE00561EF3 /* ClosingDonationProjectCollectionViewDelegate.swift */ = {isa = PBXFileReference; lastKnownFileType = sourcecode.swift; path = ClosingDonationProjectCollectionViewDelegate.swift; sourceTree = "<group>"; };
		383F239A24BEAD7400C5E8C9 /* UIView+Animation.swift */ = {isa = PBXFileReference; lastKnownFileType = sourcecode.swift; path = "UIView+Animation.swift"; sourceTree = "<group>"; };
		38652A3624BC86B7006A8A48 /* ClosingDonationProjectCollectionView.swift */ = {isa = PBXFileReference; lastKnownFileType = sourcecode.swift; path = ClosingDonationProjectCollectionView.swift; sourceTree = "<group>"; };
		38652A3824BC89E4006A8A48 /* ClosingDonationProjectCell.swift */ = {isa = PBXFileReference; lastKnownFileType = sourcecode.swift; path = ClosingDonationProjectCell.swift; sourceTree = "<group>"; };
		38652A3924BC89E4006A8A48 /* ClosingDonationProjectCell.xib */ = {isa = PBXFileReference; lastKnownFileType = file.xib; path = ClosingDonationProjectCell.xib; sourceTree = "<group>"; };
		38714B1D24BC780A00E9B9FC /* EatUpAll.app */ = {isa = PBXFileReference; explicitFileType = wrapper.application; includeInIndex = 0; path = EatUpAll.app; sourceTree = BUILT_PRODUCTS_DIR; };
		38714B2024BC780A00E9B9FC /* AppDelegate.swift */ = {isa = PBXFileReference; lastKnownFileType = sourcecode.swift; path = AppDelegate.swift; sourceTree = "<group>"; };
		38714B2224BC780A00E9B9FC /* SceneDelegate.swift */ = {isa = PBXFileReference; lastKnownFileType = sourcecode.swift; path = SceneDelegate.swift; sourceTree = "<group>"; };
		38714B2424BC780A00E9B9FC /* TabBarViewController.swift */ = {isa = PBXFileReference; lastKnownFileType = sourcecode.swift; path = TabBarViewController.swift; sourceTree = "<group>"; };
		38714B2924BC780C00E9B9FC /* Assets.xcassets */ = {isa = PBXFileReference; lastKnownFileType = folder.assetcatalog; path = Assets.xcassets; sourceTree = "<group>"; };
		38714B2C24BC780C00E9B9FC /* Base */ = {isa = PBXFileReference; lastKnownFileType = file.storyboard; name = Base; path = Base.lproj/LaunchScreen.storyboard; sourceTree = "<group>"; };
		38714B2E24BC780C00E9B9FC /* Info.plist */ = {isa = PBXFileReference; lastKnownFileType = text.plist.xml; path = Info.plist; sourceTree = "<group>"; };
		38714B3724BC7B7C00E9B9FC /* UIViewController+loadFromNib.swift */ = {isa = PBXFileReference; lastKnownFileType = sourcecode.swift; path = "UIViewController+loadFromNib.swift"; sourceTree = "<group>"; };
		38714B3A24BC7BFD00E9B9FC /* HomeViewController.swift */ = {isa = PBXFileReference; lastKnownFileType = sourcecode.swift; path = HomeViewController.swift; sourceTree = "<group>"; };
		38714B3B24BC7BFD00E9B9FC /* HomeViewController.xib */ = {isa = PBXFileReference; lastKnownFileType = file.xib; path = HomeViewController.xib; sourceTree = "<group>"; };
		38714B3F24BC7FA400E9B9FC /* DonationViewController.swift */ = {isa = PBXFileReference; lastKnownFileType = sourcecode.swift; path = DonationViewController.swift; sourceTree = "<group>"; };
		38714B4024BC7FA400E9B9FC /* DonationViewController.xib */ = {isa = PBXFileReference; lastKnownFileType = file.xib; path = DonationViewController.xib; sourceTree = "<group>"; };
		38EB2A7124BD80C4002CBDEA /* DonationProjectCollectionViewDataSource.swift */ = {isa = PBXFileReference; lastKnownFileType = sourcecode.swift; path = DonationProjectCollectionViewDataSource.swift; sourceTree = "<group>"; };
		38EB2A7324BD8505002CBDEA /* WholeDonationProjectCollectionViewDelegate.swift */ = {isa = PBXFileReference; lastKnownFileType = sourcecode.swift; path = WholeDonationProjectCollectionViewDelegate.swift; sourceTree = "<group>"; };
		38EB2A7624BDA61D002CBDEA /* ChallengeViewController.swift */ = {isa = PBXFileReference; lastKnownFileType = sourcecode.swift; path = ChallengeViewController.swift; sourceTree = "<group>"; };
		38EB2A7724BDA61D002CBDEA /* ChallengeViewController.xib */ = {isa = PBXFileReference; lastKnownFileType = file.xib; path = ChallengeViewController.xib; sourceTree = "<group>"; };
		38EB2A7C24BDD3B7002CBDEA /* ChallengeCollectionView.swift */ = {isa = PBXFileReference; lastKnownFileType = sourcecode.swift; path = ChallengeCollectionView.swift; sourceTree = "<group>"; };
		38EB2A7E24BDD424002CBDEA /* ChallengeCell.swift */ = {isa = PBXFileReference; lastKnownFileType = sourcecode.swift; path = ChallengeCell.swift; sourceTree = "<group>"; };
		38EB2A7F24BDD424002CBDEA /* ChallengeCell.xib */ = {isa = PBXFileReference; lastKnownFileType = file.xib; path = ChallengeCell.xib; sourceTree = "<group>"; };
		38EB2A8324BDD5C1002CBDEA /* ChallengeCollectionViewDataSource.swift */ = {isa = PBXFileReference; lastKnownFileType = sourcecode.swift; path = ChallengeCollectionViewDataSource.swift; sourceTree = "<group>"; };
/* End PBXFileReference section */

/* Begin PBXFrameworksBuildPhase section */
		38714B1A24BC780A00E9B9FC /* Frameworks */ = {
			isa = PBXFrameworksBuildPhase;
			buildActionMask = 2147483647;
			files = (
				30B0A2FE24BDA4BD00BB9E55 /* Kingfisher in Frameworks */,
				306FA78D24BD61C300279A18 /* Alamofire in Frameworks */,
			);
			runOnlyForDeploymentPostprocessing = 0;
		};
/* End PBXFrameworksBuildPhase section */

/* Begin PBXGroup section */
		3022698624BF081D005A864C /* DonationDetail */ = {
			isa = PBXGroup;
			children = (
				3022698724BF09A3005A864C /* DonateView.swift */,
				3022698924BF09BA005A864C /* DonateView.xib */,
			);
			path = DonationDetail;
			sourceTree = "<group>";
		};
		302BB01D24BD66B7000EB297 /* UseCases */ = {
			isa = PBXGroup;
			children = (
				302BB01E24BD66CE000EB297 /* UseCase.swift */,
				30DA856924BED26A00297204 /* DonationProjectDetailUseCase.swift */,
				30B0A2F524BD9CCA00BB9E55 /* EmptyPlateUseCase.swift */,
				30B0A30324BDC37900BB9E55 /* TodayRecordUseCase.swift */,
				380B222624BDEA6C0004FA55 /* DonationUseCase.swift */,
				30B0A30724BDCE7F00BB9E55 /* PersonalTotalSavingUseCase.swift */,
			);
			path = UseCases;
			sourceTree = "<group>";
		};
		302BB02024BD67AE000EB297 /* Error */ = {
			isa = PBXGroup;
			children = (
				302BB02124BD67B8000EB297 /* NetworkError.swift */,
			);
			path = Error;
			sourceTree = "<group>";
		};
		302BB02324BD68B3000EB297 /* Request */ = {
			isa = PBXGroup;
			children = (
				380B222C24BDEAEA0004FA55 /* Donation */,
				302BB02424BD68BE000EB297 /* Request.swift */,
				30B0A2F724BD9E0300BB9E55 /* EmptyPlateRequest.swift */,
				30B0A30124BDC2FF00BB9E55 /* TodayRecordRequest.swift */,
				30B0A30924BDCEB300BB9E55 /* PersonalTotalSavingRequest.swift */,
			);
			path = Request;
			sourceTree = "<group>";
		};
		306FA77F24BD581300279A18 /* Views */ = {
			isa = PBXGroup;
			children = (
				306FA78024BD585200279A18 /* EmptyPlateCollectionViewCell.swift */,
				306FA78124BD585200279A18 /* EmptyPlateCollectionViewCell.xib */,
			);
			path = Views;
			sourceTree = "<group>";
		};
		30A1615024BD62A1007FEDC4 /* Networks */ = {
			isa = PBXGroup;
			children = (
				302BB01724BD65C6000EB297 /* Endpoint.swift */,
				302BB01924BD65DB000EB297 /* NetworkDispatcher.swift */,
				302BB01B24BD661D000EB297 /* Session+NetworkDispatcher.swift */,
				302BB01D24BD66B7000EB297 /* UseCases */,
				302BB02324BD68B3000EB297 /* Request */,
				302BB02024BD67AE000EB297 /* Error */,
			);
			path = Networks;
			sourceTree = "<group>";
		};
		30B0A2F924BD9EB100BB9E55 /* Models */ = {
			isa = PBXGroup;
			children = (
				30B0A2FA24BD9F2F00BB9E55 /* ChallengeEmptyPlate.swift */,
				30B0A2FF24BDC2AA00BB9E55 /* TodayRecord.swift */,
				30B0A30B24BDCEE400BB9E55 /* PersonalTotalSaving.swift */,
			);
			path = Models;
			sourceTree = "<group>";
		};
		380B222C24BDEAEA0004FA55 /* Donation */ = {
			isa = PBXGroup;
			children = (
				380B222824BDEA9B0004FA55 /* DonationClosingProjectRequest.swift */,
				380B222A24BDEAD30004FA55 /* DonationWholeProjectRequest.swift */,
				30DA856B24BED2B100297204 /* DonationProjectDetailRequest.swift */,
			);
			path = Donation;
			sourceTree = "<group>";
		};
		383D8C7A24BC8E3300561EF3 /* DonationProject */ = {
			isa = PBXGroup;
			children = (
				383D8C7B24BC8E4D00561EF3 /* DonationProjectCollectionView.swift */,
				383D8C7D24BC8F5500561EF3 /* DonationProjectCell.swift */,
				383D8C7E24BC8F5500561EF3 /* DonationProjectCell.xib */,
			);
			path = DonationProject;
			sourceTree = "<group>";
		};
		383D8C8524BC94B400561EF3 /* ViewModel */ = {
			isa = PBXGroup;
			children = (
				383D8C8624BC94BE00561EF3 /* ViewModelBinding.swift */,
			);
			path = ViewModel;
			sourceTree = "<group>";
		};
		383D8C8824BC967100561EF3 /* CollectionViewDataSources */ = {
			isa = PBXGroup;
			children = (
				38EB2A7124BD80C4002CBDEA /* DonationProjectCollectionViewDataSource.swift */,
			);
			path = CollectionViewDataSources;
			sourceTree = "<group>";
		};
		383D8C8B24BC97EF00561EF3 /* Models */ = {
			isa = PBXGroup;
			children = (
				383D8C8C24BC97F700561EF3 /* DonationProject.swift */,
				30DA856724BED09600297204 /* DonationDetail.swift */,
			);
			path = Models;
			sourceTree = "<group>";
		};
		383D8C9024BCA0E300561EF3 /* Delegates */ = {
			isa = PBXGroup;
			children = (
				383D8C8E24BCA0DE00561EF3 /* ClosingDonationProjectCollectionViewDelegate.swift */,
				38EB2A7324BD8505002CBDEA /* WholeDonationProjectCollectionViewDelegate.swift */,
			);
			path = Delegates;
			sourceTree = "<group>";
		};
		38652A3524BC85BA006A8A48 /* Views */ = {
			isa = PBXGroup;
			children = (
				3022698624BF081D005A864C /* DonationDetail */,
				38652A3C24BC89F3006A8A48 /* ClosingDonationProject */,
				383D8C7A24BC8E3300561EF3 /* DonationProject */,
			);
			path = Views;
			sourceTree = "<group>";
		};
		38652A3C24BC89F3006A8A48 /* ClosingDonationProject */ = {
			isa = PBXGroup;
			children = (
				38652A3624BC86B7006A8A48 /* ClosingDonationProjectCollectionView.swift */,
				38652A3824BC89E4006A8A48 /* ClosingDonationProjectCell.swift */,
				38652A3924BC89E4006A8A48 /* ClosingDonationProjectCell.xib */,
			);
			path = ClosingDonationProject;
			sourceTree = "<group>";
		};
		38714B1424BC780A00E9B9FC = {
			isa = PBXGroup;
			children = (
				38714B1F24BC780A00E9B9FC /* EatUpAll */,
				38714B1E24BC780A00E9B9FC /* Products */,
			);
			sourceTree = "<group>";
		};
		38714B1E24BC780A00E9B9FC /* Products */ = {
			isa = PBXGroup;
			children = (
				38714B1D24BC780A00E9B9FC /* EatUpAll.app */,
			);
			name = Products;
			sourceTree = "<group>";
		};
		38714B1F24BC780A00E9B9FC /* EatUpAll */ = {
			isa = PBXGroup;
			children = (
				30A1615024BD62A1007FEDC4 /* Networks */,
				38714B3424BC79BB00E9B9FC /* TabBar */,
				38714B3924BC7BE000E9B9FC /* Home */,
				38714B3E24BC7F9200E9B9FC /* Donation */,
				38EB2A7524BDA5D0002CBDEA /* Challenge */,
				38714B3624BC7B5500E9B9FC /* Extensions */,
				383D8C8524BC94B400561EF3 /* ViewModel */,
				38714B2024BC780A00E9B9FC /* AppDelegate.swift */,
				38714B2224BC780A00E9B9FC /* SceneDelegate.swift */,
				38714B2924BC780C00E9B9FC /* Assets.xcassets */,
				38714B2B24BC780C00E9B9FC /* LaunchScreen.storyboard */,
				38714B2E24BC780C00E9B9FC /* Info.plist */,
			);
			path = EatUpAll;
			sourceTree = "<group>";
		};
		38714B3424BC79BB00E9B9FC /* TabBar */ = {
			isa = PBXGroup;
			children = (
				38714B2424BC780A00E9B9FC /* TabBarViewController.swift */,
			);
			path = TabBar;
			sourceTree = "<group>";
		};
		38714B3624BC7B5500E9B9FC /* Extensions */ = {
			isa = PBXGroup;
			children = (
				38714B3724BC7B7C00E9B9FC /* UIViewController+loadFromNib.swift */,
				383D8C8124BC920100561EF3 /* UIView+Border.swift */,
				383D8C8324BC921600561EF3 /* UIView+Shadow.swift */,
				380B222D24BEA4DE0004FA55 /* Int+DecimalStyle.swift */,
				383F239A24BEAD7400C5E8C9 /* UIView+Animation.swift */,
			);
			path = Extensions;
			sourceTree = "<group>";
		};
		38714B3924BC7BE000E9B9FC /* Home */ = {
			isa = PBXGroup;
			children = (
				30B0A2F924BD9EB100BB9E55 /* Models */,
				306FA77F24BD581300279A18 /* Views */,
				38714B3A24BC7BFD00E9B9FC /* HomeViewController.swift */,
				38714B3B24BC7BFD00E9B9FC /* HomeViewController.xib */,
			);
			path = Home;
			sourceTree = "<group>";
		};
		38714B3E24BC7F9200E9B9FC /* Donation */ = {
			isa = PBXGroup;
			children = (
				38714B4324BC7FA700E9B9FC /* Controllers */,
				383D8C8B24BC97EF00561EF3 /* Models */,
				383D8C9024BCA0E300561EF3 /* Delegates */,
				383D8C8824BC967100561EF3 /* CollectionViewDataSources */,
				38652A3524BC85BA006A8A48 /* Views */,
			);
			path = Donation;
			sourceTree = "<group>";
		};
		38714B4324BC7FA700E9B9FC /* Controllers */ = {
			isa = PBXGroup;
			children = (
				38714B3F24BC7FA400E9B9FC /* DonationViewController.swift */,
				38714B4024BC7FA400E9B9FC /* DonationViewController.xib */,
				302BB02624BD6ED9000EB297 /* DonationDetailViewController.swift */,
				302BB02724BD6ED9000EB297 /* DonationDetailViewController.xib */,
			);
			path = Controllers;
			sourceTree = "<group>";
		};
		38EB2A7524BDA5D0002CBDEA /* Challenge */ = {
			isa = PBXGroup;
			children = (
				38EB2A7A24BDD2D4002CBDEA /* Controllers */,
				38EB2A8224BDD571002CBDEA /* DataSources */,
				38EB2A7B24BDD38A002CBDEA /* Views */,
			);
			path = Challenge;
			sourceTree = "<group>";
		};
		38EB2A7A24BDD2D4002CBDEA /* Controllers */ = {
			isa = PBXGroup;
			children = (
				38EB2A7624BDA61D002CBDEA /* ChallengeViewController.swift */,
				38EB2A7724BDA61D002CBDEA /* ChallengeViewController.xib */,
			);
			path = Controllers;
			sourceTree = "<group>";
		};
		38EB2A7B24BDD38A002CBDEA /* Views */ = {
			isa = PBXGroup;
			children = (
				38EB2A7C24BDD3B7002CBDEA /* ChallengeCollectionView.swift */,
				38EB2A7E24BDD424002CBDEA /* ChallengeCell.swift */,
				38EB2A7F24BDD424002CBDEA /* ChallengeCell.xib */,
			);
			path = Views;
			sourceTree = "<group>";
		};
		38EB2A8224BDD571002CBDEA /* DataSources */ = {
			isa = PBXGroup;
			children = (
				38EB2A8324BDD5C1002CBDEA /* ChallengeCollectionViewDataSource.swift */,
			);
			path = DataSources;
			sourceTree = "<group>";
		};
/* End PBXGroup section */

/* Begin PBXNativeTarget section */
		38714B1C24BC780A00E9B9FC /* EatUpAll */ = {
			isa = PBXNativeTarget;
			buildConfigurationList = 38714B3124BC780C00E9B9FC /* Build configuration list for PBXNativeTarget "EatUpAll" */;
			buildPhases = (
				38714B1924BC780A00E9B9FC /* Sources */,
				38714B1A24BC780A00E9B9FC /* Frameworks */,
				38714B1B24BC780A00E9B9FC /* Resources */,
			);
			buildRules = (
			);
			dependencies = (
			);
			name = EatUpAll;
			packageProductDependencies = (
				306FA78C24BD61C300279A18 /* Alamofire */,
				30B0A2FD24BDA4BD00BB9E55 /* Kingfisher */,
			);
			productName = EatUpAll;
			productReference = 38714B1D24BC780A00E9B9FC /* EatUpAll.app */;
			productType = "com.apple.product-type.application";
		};
/* End PBXNativeTarget section */

/* Begin PBXProject section */
		38714B1524BC780A00E9B9FC /* Project object */ = {
			isa = PBXProject;
			attributes = {
				LastSwiftUpdateCheck = 1150;
				LastUpgradeCheck = 1150;
				ORGANIZATIONNAME = "team rocket";
				TargetAttributes = {
					38714B1C24BC780A00E9B9FC = {
						CreatedOnToolsVersion = 11.5;
					};
				};
			};
			buildConfigurationList = 38714B1824BC780A00E9B9FC /* Build configuration list for PBXProject "EatUpAll" */;
			compatibilityVersion = "Xcode 9.3";
			developmentRegion = en;
			hasScannedForEncodings = 0;
			knownRegions = (
				en,
				Base,
			);
			mainGroup = 38714B1424BC780A00E9B9FC;
			packageReferences = (
				306FA78B24BD61C300279A18 /* XCRemoteSwiftPackageReference "Alamofire" */,
				30B0A2FC24BDA4BD00BB9E55 /* XCRemoteSwiftPackageReference "Kingfisher" */,
			);
			productRefGroup = 38714B1E24BC780A00E9B9FC /* Products */;
			projectDirPath = "";
			projectRoot = "";
			targets = (
				38714B1C24BC780A00E9B9FC /* EatUpAll */,
			);
		};
/* End PBXProject section */

/* Begin PBXResourcesBuildPhase section */
		38714B1B24BC780A00E9B9FC /* Resources */ = {
			isa = PBXResourcesBuildPhase;
			buildActionMask = 2147483647;
			files = (
				38652A3B24BC89E4006A8A48 /* ClosingDonationProjectCell.xib in Resources */,
				383D8C8024BC8F5500561EF3 /* DonationProjectCell.xib in Resources */,
				38EB2A7924BDA61D002CBDEA /* ChallengeViewController.xib in Resources */,
				38714B2D24BC780C00E9B9FC /* LaunchScreen.storyboard in Resources */,
				38714B2A24BC780C00E9B9FC /* Assets.xcassets in Resources */,
				302BB02924BD6ED9000EB297 /* DonationDetailViewController.xib in Resources */,
				3022698A24BF09BA005A864C /* DonateView.xib in Resources */,
				38EB2A8124BDD424002CBDEA /* ChallengeCell.xib in Resources */,
				306FA78324BD585200279A18 /* EmptyPlateCollectionViewCell.xib in Resources */,
				38714B4224BC7FA400E9B9FC /* DonationViewController.xib in Resources */,
				38714B3D24BC7BFD00E9B9FC /* HomeViewController.xib in Resources */,
			);
			runOnlyForDeploymentPostprocessing = 0;
		};
/* End PBXResourcesBuildPhase section */

/* Begin PBXSourcesBuildPhase section */
		38714B1924BC780A00E9B9FC /* Sources */ = {
			isa = PBXSourcesBuildPhase;
			buildActionMask = 2147483647;
			files = (
				38714B4124BC7FA400E9B9FC /* DonationViewController.swift in Sources */,
				383D8C8F24BCA0DE00561EF3 /* ClosingDonationProjectCollectionViewDelegate.swift in Sources */,
				38714B3C24BC7BFD00E9B9FC /* HomeViewController.swift in Sources */,
				306FA78224BD585200279A18 /* EmptyPlateCollectionViewCell.swift in Sources */,
				30B0A2F824BD9E0300BB9E55 /* EmptyPlateRequest.swift in Sources */,
				383F239B24BEAD7400C5E8C9 /* UIView+Animation.swift in Sources */,
				380B222724BDEA6C0004FA55 /* DonationUseCase.swift in Sources */,
				38652A3A24BC89E4006A8A48 /* ClosingDonationProjectCell.swift in Sources */,
				38EB2A7D24BDD3B7002CBDEA /* ChallengeCollectionView.swift in Sources */,
				383D8C7F24BC8F5500561EF3 /* DonationProjectCell.swift in Sources */,
				383D8C8424BC921600561EF3 /* UIView+Shadow.swift in Sources */,
				30B0A30A24BDCEB300BB9E55 /* PersonalTotalSavingRequest.swift in Sources */,
				30B0A30024BDC2AA00BB9E55 /* TodayRecord.swift in Sources */,
				383D8C8724BC94BE00561EF3 /* ViewModelBinding.swift in Sources */,
				380B222B24BDEAD30004FA55 /* DonationWholeProjectRequest.swift in Sources */,
				38714B2524BC780A00E9B9FC /* TabBarViewController.swift in Sources */,
				383D8C8D24BC97F700561EF3 /* DonationProject.swift in Sources */,
				38EB2A8424BDD5C1002CBDEA /* ChallengeCollectionViewDataSource.swift in Sources */,
				30B0A30C24BDCEE400BB9E55 /* PersonalTotalSaving.swift in Sources */,
				383D8C7C24BC8E4D00561EF3 /* DonationProjectCollectionView.swift in Sources */,
				38EB2A7824BDA61D002CBDEA /* ChallengeViewController.swift in Sources */,
				38652A3724BC86B7006A8A48 /* ClosingDonationProjectCollectionView.swift in Sources */,
				3022698824BF09A3005A864C /* DonateView.swift in Sources */,
				302BB01C24BD661E000EB297 /* Session+NetworkDispatcher.swift in Sources */,
				38EB2A7224BD80C4002CBDEA /* DonationProjectCollectionViewDataSource.swift in Sources */,
				38714B2124BC780A00E9B9FC /* AppDelegate.swift in Sources */,
				30B0A2FB24BD9F2F00BB9E55 /* ChallengeEmptyPlate.swift in Sources */,
				30B0A30824BDCE7F00BB9E55 /* PersonalTotalSavingUseCase.swift in Sources */,
				302BB02524BD68BE000EB297 /* Request.swift in Sources */,
				302BB01A24BD65DB000EB297 /* NetworkDispatcher.swift in Sources */,
				30B0A2F624BD9CCA00BB9E55 /* EmptyPlateUseCase.swift in Sources */,
				30DA856824BED09600297204 /* DonationDetail.swift in Sources */,
				38714B3824BC7B7C00E9B9FC /* UIViewController+loadFromNib.swift in Sources */,
				38EB2A7424BD8505002CBDEA /* WholeDonationProjectCollectionViewDelegate.swift in Sources */,
				302BB01F24BD66CE000EB297 /* UseCase.swift in Sources */,
				30B0A30424BDC37900BB9E55 /* TodayRecordUseCase.swift in Sources */,
				302BB01824BD65C6000EB297 /* Endpoint.swift in Sources */,
				30DA856C24BED2B200297204 /* DonationProjectDetailRequest.swift in Sources */,
				38714B2324BC780A00E9B9FC /* SceneDelegate.swift in Sources */,
				38EB2A8024BDD424002CBDEA /* ChallengeCell.swift in Sources */,
				380B222E24BEA4DE0004FA55 /* Int+DecimalStyle.swift in Sources */,
				383D8C8224BC920100561EF3 /* UIView+Border.swift in Sources */,
				380B222924BDEA9B0004FA55 /* DonationClosingProjectRequest.swift in Sources */,
				30B0A30224BDC2FF00BB9E55 /* TodayRecordRequest.swift in Sources */,
				302BB02224BD67B8000EB297 /* NetworkError.swift in Sources */,
				302BB02824BD6ED9000EB297 /* DonationDetailViewController.swift in Sources */,
				30DA856A24BED26A00297204 /* DonationProjectDetailUseCase.swift in Sources */,
			);
			runOnlyForDeploymentPostprocessing = 0;
		};
/* End PBXSourcesBuildPhase section */

/* Begin PBXVariantGroup section */
		38714B2B24BC780C00E9B9FC /* LaunchScreen.storyboard */ = {
			isa = PBXVariantGroup;
			children = (
				38714B2C24BC780C00E9B9FC /* Base */,
			);
			name = LaunchScreen.storyboard;
			sourceTree = "<group>";
		};
/* End PBXVariantGroup section */

/* Begin XCBuildConfiguration section */
		38714B2F24BC780C00E9B9FC /* Debug */ = {
			isa = XCBuildConfiguration;
			buildSettings = {
				ALWAYS_SEARCH_USER_PATHS = NO;
				CLANG_ANALYZER_NONNULL = YES;
				CLANG_ANALYZER_NUMBER_OBJECT_CONVERSION = YES_AGGRESSIVE;
				CLANG_CXX_LANGUAGE_STANDARD = "gnu++14";
				CLANG_CXX_LIBRARY = "libc++";
				CLANG_ENABLE_MODULES = YES;
				CLANG_ENABLE_OBJC_ARC = YES;
				CLANG_ENABLE_OBJC_WEAK = YES;
				CLANG_WARN_BLOCK_CAPTURE_AUTORELEASING = YES;
				CLANG_WARN_BOOL_CONVERSION = YES;
				CLANG_WARN_COMMA = YES;
				CLANG_WARN_CONSTANT_CONVERSION = YES;
				CLANG_WARN_DEPRECATED_OBJC_IMPLEMENTATIONS = YES;
				CLANG_WARN_DIRECT_OBJC_ISA_USAGE = YES_ERROR;
				CLANG_WARN_DOCUMENTATION_COMMENTS = YES;
				CLANG_WARN_EMPTY_BODY = YES;
				CLANG_WARN_ENUM_CONVERSION = YES;
				CLANG_WARN_INFINITE_RECURSION = YES;
				CLANG_WARN_INT_CONVERSION = YES;
				CLANG_WARN_NON_LITERAL_NULL_CONVERSION = YES;
				CLANG_WARN_OBJC_IMPLICIT_RETAIN_SELF = YES;
				CLANG_WARN_OBJC_LITERAL_CONVERSION = YES;
				CLANG_WARN_OBJC_ROOT_CLASS = YES_ERROR;
				CLANG_WARN_RANGE_LOOP_ANALYSIS = YES;
				CLANG_WARN_STRICT_PROTOTYPES = YES;
				CLANG_WARN_SUSPICIOUS_MOVE = YES;
				CLANG_WARN_UNGUARDED_AVAILABILITY = YES_AGGRESSIVE;
				CLANG_WARN_UNREACHABLE_CODE = YES;
				CLANG_WARN__DUPLICATE_METHOD_MATCH = YES;
				COPY_PHASE_STRIP = NO;
				DEBUG_INFORMATION_FORMAT = dwarf;
				ENABLE_STRICT_OBJC_MSGSEND = YES;
				ENABLE_TESTABILITY = YES;
				GCC_C_LANGUAGE_STANDARD = gnu11;
				GCC_DYNAMIC_NO_PIC = NO;
				GCC_NO_COMMON_BLOCKS = YES;
				GCC_OPTIMIZATION_LEVEL = 0;
				GCC_PREPROCESSOR_DEFINITIONS = (
					"DEBUG=1",
					"$(inherited)",
				);
				GCC_WARN_64_TO_32_BIT_CONVERSION = YES;
				GCC_WARN_ABOUT_RETURN_TYPE = YES_ERROR;
				GCC_WARN_UNDECLARED_SELECTOR = YES;
				GCC_WARN_UNINITIALIZED_AUTOS = YES_AGGRESSIVE;
				GCC_WARN_UNUSED_FUNCTION = YES;
				GCC_WARN_UNUSED_VARIABLE = YES;
				IPHONEOS_DEPLOYMENT_TARGET = 13.4;
				MTL_ENABLE_DEBUG_INFO = INCLUDE_SOURCE;
				MTL_FAST_MATH = YES;
				ONLY_ACTIVE_ARCH = YES;
				SDKROOT = iphoneos;
				SWIFT_ACTIVE_COMPILATION_CONDITIONS = DEBUG;
				SWIFT_OPTIMIZATION_LEVEL = "-Onone";
			};
			name = Debug;
		};
		38714B3024BC780C00E9B9FC /* Release */ = {
			isa = XCBuildConfiguration;
			buildSettings = {
				ALWAYS_SEARCH_USER_PATHS = NO;
				CLANG_ANALYZER_NONNULL = YES;
				CLANG_ANALYZER_NUMBER_OBJECT_CONVERSION = YES_AGGRESSIVE;
				CLANG_CXX_LANGUAGE_STANDARD = "gnu++14";
				CLANG_CXX_LIBRARY = "libc++";
				CLANG_ENABLE_MODULES = YES;
				CLANG_ENABLE_OBJC_ARC = YES;
				CLANG_ENABLE_OBJC_WEAK = YES;
				CLANG_WARN_BLOCK_CAPTURE_AUTORELEASING = YES;
				CLANG_WARN_BOOL_CONVERSION = YES;
				CLANG_WARN_COMMA = YES;
				CLANG_WARN_CONSTANT_CONVERSION = YES;
				CLANG_WARN_DEPRECATED_OBJC_IMPLEMENTATIONS = YES;
				CLANG_WARN_DIRECT_OBJC_ISA_USAGE = YES_ERROR;
				CLANG_WARN_DOCUMENTATION_COMMENTS = YES;
				CLANG_WARN_EMPTY_BODY = YES;
				CLANG_WARN_ENUM_CONVERSION = YES;
				CLANG_WARN_INFINITE_RECURSION = YES;
				CLANG_WARN_INT_CONVERSION = YES;
				CLANG_WARN_NON_LITERAL_NULL_CONVERSION = YES;
				CLANG_WARN_OBJC_IMPLICIT_RETAIN_SELF = YES;
				CLANG_WARN_OBJC_LITERAL_CONVERSION = YES;
				CLANG_WARN_OBJC_ROOT_CLASS = YES_ERROR;
				CLANG_WARN_RANGE_LOOP_ANALYSIS = YES;
				CLANG_WARN_STRICT_PROTOTYPES = YES;
				CLANG_WARN_SUSPICIOUS_MOVE = YES;
				CLANG_WARN_UNGUARDED_AVAILABILITY = YES_AGGRESSIVE;
				CLANG_WARN_UNREACHABLE_CODE = YES;
				CLANG_WARN__DUPLICATE_METHOD_MATCH = YES;
				COPY_PHASE_STRIP = NO;
				DEBUG_INFORMATION_FORMAT = "dwarf-with-dsym";
				ENABLE_NS_ASSERTIONS = NO;
				ENABLE_STRICT_OBJC_MSGSEND = YES;
				GCC_C_LANGUAGE_STANDARD = gnu11;
				GCC_NO_COMMON_BLOCKS = YES;
				GCC_WARN_64_TO_32_BIT_CONVERSION = YES;
				GCC_WARN_ABOUT_RETURN_TYPE = YES_ERROR;
				GCC_WARN_UNDECLARED_SELECTOR = YES;
				GCC_WARN_UNINITIALIZED_AUTOS = YES_AGGRESSIVE;
				GCC_WARN_UNUSED_FUNCTION = YES;
				GCC_WARN_UNUSED_VARIABLE = YES;
				IPHONEOS_DEPLOYMENT_TARGET = 13.4;
				MTL_ENABLE_DEBUG_INFO = NO;
				MTL_FAST_MATH = YES;
				SDKROOT = iphoneos;
				SWIFT_COMPILATION_MODE = wholemodule;
				SWIFT_OPTIMIZATION_LEVEL = "-O";
				VALIDATE_PRODUCT = YES;
			};
			name = Release;
		};
		38714B3224BC780C00E9B9FC /* Debug */ = {
			isa = XCBuildConfiguration;
			buildSettings = {
				ASSETCATALOG_COMPILER_APPICON_NAME = AppIcon;
				CODE_SIGN_STYLE = Automatic;
				DEVELOPMENT_TEAM = B3PWYBKFUK;
				INFOPLIST_FILE = EatUpAll/Info.plist;
				LD_RUNPATH_SEARCH_PATHS = (
					"$(inherited)",
					"@executable_path/Frameworks",
				);
				PRODUCT_BUNDLE_IDENTIFIER = "kr.team-rocket.EatUpAll";
				PRODUCT_NAME = "$(TARGET_NAME)";
				SWIFT_VERSION = 5.0;
				TARGETED_DEVICE_FAMILY = "1,2";
			};
			name = Debug;
		};
		38714B3324BC780C00E9B9FC /* Release */ = {
			isa = XCBuildConfiguration;
			buildSettings = {
				ASSETCATALOG_COMPILER_APPICON_NAME = AppIcon;
				CODE_SIGN_STYLE = Automatic;
				DEVELOPMENT_TEAM = B3PWYBKFUK;
				INFOPLIST_FILE = EatUpAll/Info.plist;
				LD_RUNPATH_SEARCH_PATHS = (
					"$(inherited)",
					"@executable_path/Frameworks",
				);
				PRODUCT_BUNDLE_IDENTIFIER = "kr.team-rocket.EatUpAll";
				PRODUCT_NAME = "$(TARGET_NAME)";
				SWIFT_VERSION = 5.0;
				TARGETED_DEVICE_FAMILY = "1,2";
			};
			name = Release;
		};
/* End XCBuildConfiguration section */

/* Begin XCConfigurationList section */
		38714B1824BC780A00E9B9FC /* Build configuration list for PBXProject "EatUpAll" */ = {
			isa = XCConfigurationList;
			buildConfigurations = (
				38714B2F24BC780C00E9B9FC /* Debug */,
				38714B3024BC780C00E9B9FC /* Release */,
			);
			defaultConfigurationIsVisible = 0;
			defaultConfigurationName = Release;
		};
		38714B3124BC780C00E9B9FC /* Build configuration list for PBXNativeTarget "EatUpAll" */ = {
			isa = XCConfigurationList;
			buildConfigurations = (
				38714B3224BC780C00E9B9FC /* Debug */,
				38714B3324BC780C00E9B9FC /* Release */,
			);
			defaultConfigurationIsVisible = 0;
			defaultConfigurationName = Release;
		};
/* End XCConfigurationList section */

/* Begin XCRemoteSwiftPackageReference section */
		306FA78B24BD61C300279A18 /* XCRemoteSwiftPackageReference "Alamofire" */ = {
			isa = XCRemoteSwiftPackageReference;
			repositoryURL = "https://github.com/Alamofire/Alamofire.git";
			requirement = {
				kind = upToNextMajorVersion;
				minimumVersion = 5.2.1;
			};
		};
		30B0A2FC24BDA4BD00BB9E55 /* XCRemoteSwiftPackageReference "Kingfisher" */ = {
			isa = XCRemoteSwiftPackageReference;
			repositoryURL = "https://github.com/onevcat/Kingfisher.git";
			requirement = {
				kind = upToNextMajorVersion;
				minimumVersion = 5.14.1;
			};
		};
/* End XCRemoteSwiftPackageReference section */

/* Begin XCSwiftPackageProductDependency section */
		306FA78C24BD61C300279A18 /* Alamofire */ = {
			isa = XCSwiftPackageProductDependency;
			package = 306FA78B24BD61C300279A18 /* XCRemoteSwiftPackageReference "Alamofire" */;
			productName = Alamofire;
		};
		30B0A2FD24BDA4BD00BB9E55 /* Kingfisher */ = {
			isa = XCSwiftPackageProductDependency;
			package = 30B0A2FC24BDA4BD00BB9E55 /* XCRemoteSwiftPackageReference "Kingfisher" */;
			productName = Kingfisher;
		};
/* End XCSwiftPackageProductDependency section */
	};
	rootObject = 38714B1524BC780A00E9B9FC /* Project object */;
}
