// !$*UTF8*$!
{
	archiveVersion = 1;
	classes = {
	};
	objectVersion = 50;
	objects = {

/* Begin PBXBuildFile section */
		306FA78224BD585200279A18 /* EmptyPlateCollectionViewCell.swift in Sources */ = {isa = PBXBuildFile; fileRef = 306FA78024BD585200279A18 /* EmptyPlateCollectionViewCell.swift */; };
		306FA78324BD585200279A18 /* EmptyPlateCollectionViewCell.xib in Resources */ = {isa = PBXBuildFile; fileRef = 306FA78124BD585200279A18 /* EmptyPlateCollectionViewCell.xib */; };
		38714B2124BC780A00E9B9FC /* AppDelegate.swift in Sources */ = {isa = PBXBuildFile; fileRef = 38714B2024BC780A00E9B9FC /* AppDelegate.swift */; };
		38714B2324BC780A00E9B9FC /* SceneDelegate.swift in Sources */ = {isa = PBXBuildFile; fileRef = 38714B2224BC780A00E9B9FC /* SceneDelegate.swift */; };
		38714B2524BC780A00E9B9FC /* TabBarViewController.swift in Sources */ = {isa = PBXBuildFile; fileRef = 38714B2424BC780A00E9B9FC /* TabBarViewController.swift */; };
		38714B2A24BC780C00E9B9FC /* Assets.xcassets in Resources */ = {isa = PBXBuildFile; fileRef = 38714B2924BC780C00E9B9FC /* Assets.xcassets */; };
		38714B2D24BC780C00E9B9FC /* LaunchScreen.storyboard in Resources */ = {isa = PBXBuildFile; fileRef = 38714B2B24BC780C00E9B9FC /* LaunchScreen.storyboard */; };
		38714B3824BC7B7C00E9B9FC /* UIViewController+loadFromNib.swift in Sources */ = {isa = PBXBuildFile; fileRef = 38714B3724BC7B7C00E9B9FC /* UIViewController+loadFromNib.swift */; };
		38714B3C24BC7BFD00E9B9FC /* HomeViewController.swift in Sources */ = {isa = PBXBuildFile; fileRef = 38714B3A24BC7BFD00E9B9FC /* HomeViewController.swift */; };
		38714B3D24BC7BFD00E9B9FC /* HomeViewController.xib in Resources */ = {isa = PBXBuildFile; fileRef = 38714B3B24BC7BFD00E9B9FC /* HomeViewController.xib */; };
/* End PBXBuildFile section */

/* Begin PBXFileReference section */
		306FA78024BD585200279A18 /* EmptyPlateCollectionViewCell.swift */ = {isa = PBXFileReference; lastKnownFileType = sourcecode.swift; path = EmptyPlateCollectionViewCell.swift; sourceTree = "<group>"; };
		306FA78124BD585200279A18 /* EmptyPlateCollectionViewCell.xib */ = {isa = PBXFileReference; lastKnownFileType = file.xib; path = EmptyPlateCollectionViewCell.xib; sourceTree = "<group>"; };
		38714B1D24BC780A00E9B9FC /* EatUpAll.app */ = {isa = PBXFileReference; explicitFileType = wrapper.application; includeInIndex = 0; path = EatUpAll.app; sourceTree = BUILT_PRODUCTS_DIR; };
		38714B2024BC780A00E9B9FC /* AppDelegate.swift */ = {isa = PBXFileReference; lastKnownFileType = sourcecode.swift; path = AppDelegate.swift; sourceTree = "<group>"; };
		38714B2224BC780A00E9B9FC /* SceneDelegate.swift */ = {isa = PBXFileReference; lastKnownFileType = sourcecode.swift; path = SceneDelegate.swift; sourceTree = "<group>"; };
		38714B2424BC780A00E9B9FC /* TabBarViewController.swift */ = {isa = PBXFileReference; lastKnownFileType = sourcecode.swift; path = TabBarViewController.swift; sourceTree = "<group>"; };
		38714B2924BC780C00E9B9FC /* Assets.xcassets */ = {isa = PBXFileReference; lastKnownFileType = folder.assetcatalog; path = Assets.xcassets; sourceTree = "<group>"; };
		38714B2C24BC780C00E9B9FC /* Base */ = {isa = PBXFileReference; lastKnownFileType = file.storyboard; name = Base; path = Base.lproj/LaunchScreen.storyboard; sourceTree = "<group>"; };
		38714B2E24BC780C00E9B9FC /* Info.plist */ = {isa = PBXFileReference; lastKnownFileType = text.plist.xml; path = Info.plist; sourceTree = "<group>"; };
		38714B3724BC7B7C00E9B9FC /* UIViewController+loadFromNib.swift */ = {isa = PBXFileReference; lastKnownFileType = sourcecode.swift; path = "UIViewController+loadFromNib.swift"; sourceTree = "<group>"; };
		38714B3A24BC7BFD00E9B9FC /* HomeViewController.swift */ = {isa = PBXFileReference; lastKnownFileType = sourcecode.swift; path = HomeViewController.swift; sourceTree = "<group>"; };
		38714B3B24BC7BFD00E9B9FC /* HomeViewController.xib */ = {isa = PBXFileReference; lastKnownFileType = file.xib; path = HomeViewController.xib; sourceTree = "<group>"; };
/* End PBXFileReference section */

/* Begin PBXFrameworksBuildPhase section */
		38714B1A24BC780A00E9B9FC /* Frameworks */ = {
			isa = PBXFrameworksBuildPhase;
			buildActionMask = 2147483647;
			files = (
			);
			runOnlyForDeploymentPostprocessing = 0;
		};
/* End PBXFrameworksBuildPhase section */

/* Begin PBXGroup section */
		306FA77F24BD581300279A18 /* Views */ = {
			isa = PBXGroup;
			children = (
				306FA78024BD585200279A18 /* EmptyPlateCollectionViewCell.swift */,
				306FA78124BD585200279A18 /* EmptyPlateCollectionViewCell.xib */,
			);
			path = Views;
			sourceTree = "<group>";
		};
		38714B1424BC780A00E9B9FC = {
			isa = PBXGroup;
			children = (
				38714B1F24BC780A00E9B9FC /* EatUpAll */,
				38714B1E24BC780A00E9B9FC /* Products */,
			);
			sourceTree = "<group>";
		};
		38714B1E24BC780A00E9B9FC /* Products */ = {
			isa = PBXGroup;
			children = (
				38714B1D24BC780A00E9B9FC /* EatUpAll.app */,
			);
			name = Products;
			sourceTree = "<group>";
		};
		38714B1F24BC780A00E9B9FC /* EatUpAll */ = {
			isa = PBXGroup;
			children = (
				38714B3424BC79BB00E9B9FC /* TabBar */,
				38714B3924BC7BE000E9B9FC /* Home */,
				38714B3624BC7B5500E9B9FC /* Extensions */,
				38714B2024BC780A00E9B9FC /* AppDelegate.swift */,
				38714B2224BC780A00E9B9FC /* SceneDelegate.swift */,
				38714B2924BC780C00E9B9FC /* Assets.xcassets */,
				38714B2B24BC780C00E9B9FC /* LaunchScreen.storyboard */,
				38714B2E24BC780C00E9B9FC /* Info.plist */,
			);
			path = EatUpAll;
			sourceTree = "<group>";
		};
		38714B3424BC79BB00E9B9FC /* TabBar */ = {
			isa = PBXGroup;
			children = (
				38714B2424BC780A00E9B9FC /* TabBarViewController.swift */,
			);
			path = TabBar;
			sourceTree = "<group>";
		};
		38714B3624BC7B5500E9B9FC /* Extensions */ = {
			isa = PBXGroup;
			children = (
				38714B3724BC7B7C00E9B9FC /* UIViewController+loadFromNib.swift */,
			);
			path = Extensions;
			sourceTree = "<group>";
		};
		38714B3924BC7BE000E9B9FC /* Home */ = {
			isa = PBXGroup;
			children = (
				306FA77F24BD581300279A18 /* Views */,
				38714B3A24BC7BFD00E9B9FC /* HomeViewController.swift */,
				38714B3B24BC7BFD00E9B9FC /* HomeViewController.xib */,
			);
			path = Home;
			sourceTree = "<group>";
		};
/* End PBXGroup section */

/* Begin PBXNativeTarget section */
		38714B1C24BC780A00E9B9FC /* EatUpAll */ = {
			isa = PBXNativeTarget;
			buildConfigurationList = 38714B3124BC780C00E9B9FC /* Build configuration list for PBXNativeTarget "EatUpAll" */;
			buildPhases = (
				38714B1924BC780A00E9B9FC /* Sources */,
				38714B1A24BC780A00E9B9FC /* Frameworks */,
				38714B1B24BC780A00E9B9FC /* Resources */,
			);
			buildRules = (
			);
			dependencies = (
			);
			name = EatUpAll;
			productName = EatUpAll;
			productReference = 38714B1D24BC780A00E9B9FC /* EatUpAll.app */;
			productType = "com.apple.product-type.application";
		};
/* End PBXNativeTarget section */

/* Begin PBXProject section */
		38714B1524BC780A00E9B9FC /* Project object */ = {
			isa = PBXProject;
			attributes = {
				LastSwiftUpdateCheck = 1150;
				LastUpgradeCheck = 1150;
				ORGANIZATIONNAME = "team rocket";
				TargetAttributes = {
					38714B1C24BC780A00E9B9FC = {
						CreatedOnToolsVersion = 11.5;
					};
				};
			};
			buildConfigurationList = 38714B1824BC780A00E9B9FC /* Build configuration list for PBXProject "EatUpAll" */;
			compatibilityVersion = "Xcode 9.3";
			developmentRegion = en;
			hasScannedForEncodings = 0;
			knownRegions = (
				en,
				Base,
			);
			mainGroup = 38714B1424BC780A00E9B9FC;
			productRefGroup = 38714B1E24BC780A00E9B9FC /* Products */;
			projectDirPath = "";
			projectRoot = "";
			targets = (
				38714B1C24BC780A00E9B9FC /* EatUpAll */,
			);
		};
/* End PBXProject section */

/* Begin PBXResourcesBuildPhase section */
		38714B1B24BC780A00E9B9FC /* Resources */ = {
			isa = PBXResourcesBuildPhase;
			buildActionMask = 2147483647;
			files = (
				38714B2D24BC780C00E9B9FC /* LaunchScreen.storyboard in Resources */,
				38714B2A24BC780C00E9B9FC /* Assets.xcassets in Resources */,
				306FA78324BD585200279A18 /* EmptyPlateCollectionViewCell.xib in Resources */,
				38714B3D24BC7BFD00E9B9FC /* HomeViewController.xib in Resources */,
			);
			runOnlyForDeploymentPostprocessing = 0;
		};
/* End PBXResourcesBuildPhase section */

/* Begin PBXSourcesBuildPhase section */
		38714B1924BC780A00E9B9FC /* Sources */ = {
			isa = PBXSourcesBuildPhase;
			buildActionMask = 2147483647;
			files = (
				38714B3C24BC7BFD00E9B9FC /* HomeViewController.swift in Sources */,
				306FA78224BD585200279A18 /* EmptyPlateCollectionViewCell.swift in Sources */,
				38714B2524BC780A00E9B9FC /* TabBarViewController.swift in Sources */,
				38714B2124BC780A00E9B9FC /* AppDelegate.swift in Sources */,
				38714B3824BC7B7C00E9B9FC /* UIViewController+loadFromNib.swift in Sources */,
				38714B2324BC780A00E9B9FC /* SceneDelegate.swift in Sources */,
			);
			runOnlyForDeploymentPostprocessing = 0;
		};
/* End PBXSourcesBuildPhase section */

/* Begin PBXVariantGroup section */
		38714B2B24BC780C00E9B9FC /* LaunchScreen.storyboard */ = {
			isa = PBXVariantGroup;
			children = (
				38714B2C24BC780C00E9B9FC /* Base */,
			);
			name = LaunchScreen.storyboard;
			sourceTree = "<group>";
		};
/* End PBXVariantGroup section */

/* Begin XCBuildConfiguration section */
		38714B2F24BC780C00E9B9FC /* Debug */ = {
			isa = XCBuildConfiguration;
			buildSettings = {
				ALWAYS_SEARCH_USER_PATHS = NO;
				CLANG_ANALYZER_NONNULL = YES;
				CLANG_ANALYZER_NUMBER_OBJECT_CONVERSION = YES_AGGRESSIVE;
				CLANG_CXX_LANGUAGE_STANDARD = "gnu++14";
				CLANG_CXX_LIBRARY = "libc++";
				CLANG_ENABLE_MODULES = YES;
				CLANG_ENABLE_OBJC_ARC = YES;
				CLANG_ENABLE_OBJC_WEAK = YES;
				CLANG_WARN_BLOCK_CAPTURE_AUTORELEASING = YES;
				CLANG_WARN_BOOL_CONVERSION = YES;
				CLANG_WARN_COMMA = YES;
				CLANG_WARN_CONSTANT_CONVERSION = YES;
				CLANG_WARN_DEPRECATED_OBJC_IMPLEMENTATIONS = YES;
				CLANG_WARN_DIRECT_OBJC_ISA_USAGE = YES_ERROR;
				CLANG_WARN_DOCUMENTATION_COMMENTS = YES;
				CLANG_WARN_EMPTY_BODY = YES;
				CLANG_WARN_ENUM_CONVERSION = YES;
				CLANG_WARN_INFINITE_RECURSION = YES;
				CLANG_WARN_INT_CONVERSION = YES;
				CLANG_WARN_NON_LITERAL_NULL_CONVERSION = YES;
				CLANG_WARN_OBJC_IMPLICIT_RETAIN_SELF = YES;
				CLANG_WARN_OBJC_LITERAL_CONVERSION = YES;
				CLANG_WARN_OBJC_ROOT_CLASS = YES_ERROR;
				CLANG_WARN_RANGE_LOOP_ANALYSIS = YES;
				CLANG_WARN_STRICT_PROTOTYPES = YES;
				CLANG_WARN_SUSPICIOUS_MOVE = YES;
				CLANG_WARN_UNGUARDED_AVAILABILITY = YES_AGGRESSIVE;
				CLANG_WARN_UNREACHABLE_CODE = YES;
				CLANG_WARN__DUPLICATE_METHOD_MATCH = YES;
				COPY_PHASE_STRIP = NO;
				DEBUG_INFORMATION_FORMAT = dwarf;
				ENABLE_STRICT_OBJC_MSGSEND = YES;
				ENABLE_TESTABILITY = YES;
				GCC_C_LANGUAGE_STANDARD = gnu11;
				GCC_DYNAMIC_NO_PIC = NO;
				GCC_NO_COMMON_BLOCKS = YES;
				GCC_OPTIMIZATION_LEVEL = 0;
				GCC_PREPROCESSOR_DEFINITIONS = (
					"DEBUG=1",
					"$(inherited)",
				);
				GCC_WARN_64_TO_32_BIT_CONVERSION = YES;
				GCC_WARN_ABOUT_RETURN_TYPE = YES_ERROR;
				GCC_WARN_UNDECLARED_SELECTOR = YES;
				GCC_WARN_UNINITIALIZED_AUTOS = YES_AGGRESSIVE;
				GCC_WARN_UNUSED_FUNCTION = YES;
				GCC_WARN_UNUSED_VARIABLE = YES;
				IPHONEOS_DEPLOYMENT_TARGET = 13.4;
				MTL_ENABLE_DEBUG_INFO = INCLUDE_SOURCE;
				MTL_FAST_MATH = YES;
				ONLY_ACTIVE_ARCH = YES;
				SDKROOT = iphoneos;
				SWIFT_ACTIVE_COMPILATION_CONDITIONS = DEBUG;
				SWIFT_OPTIMIZATION_LEVEL = "-Onone";
			};
			name = Debug;
		};
		38714B3024BC780C00E9B9FC /* Release */ = {
			isa = XCBuildConfiguration;
			buildSettings = {
				ALWAYS_SEARCH_USER_PATHS = NO;
				CLANG_ANALYZER_NONNULL = YES;
				CLANG_ANALYZER_NUMBER_OBJECT_CONVERSION = YES_AGGRESSIVE;
				CLANG_CXX_LANGUAGE_STANDARD = "gnu++14";
				CLANG_CXX_LIBRARY = "libc++";
				CLANG_ENABLE_MODULES = YES;
				CLANG_ENABLE_OBJC_ARC = YES;
				CLANG_ENABLE_OBJC_WEAK = YES;
				CLANG_WARN_BLOCK_CAPTURE_AUTORELEASING = YES;
				CLANG_WARN_BOOL_CONVERSION = YES;
				CLANG_WARN_COMMA = YES;
				CLANG_WARN_CONSTANT_CONVERSION = YES;
				CLANG_WARN_DEPRECATED_OBJC_IMPLEMENTATIONS = YES;
				CLANG_WARN_DIRECT_OBJC_ISA_USAGE = YES_ERROR;
				CLANG_WARN_DOCUMENTATION_COMMENTS = YES;
				CLANG_WARN_EMPTY_BODY = YES;
				CLANG_WARN_ENUM_CONVERSION = YES;
				CLANG_WARN_INFINITE_RECURSION = YES;
				CLANG_WARN_INT_CONVERSION = YES;
				CLANG_WARN_NON_LITERAL_NULL_CONVERSION = YES;
				CLANG_WARN_OBJC_IMPLICIT_RETAIN_SELF = YES;
				CLANG_WARN_OBJC_LITERAL_CONVERSION = YES;
				CLANG_WARN_OBJC_ROOT_CLASS = YES_ERROR;
				CLANG_WARN_RANGE_LOOP_ANALYSIS = YES;
				CLANG_WARN_STRICT_PROTOTYPES = YES;
				CLANG_WARN_SUSPICIOUS_MOVE = YES;
				CLANG_WARN_UNGUARDED_AVAILABILITY = YES_AGGRESSIVE;
				CLANG_WARN_UNREACHABLE_CODE = YES;
				CLANG_WARN__DUPLICATE_METHOD_MATCH = YES;
				COPY_PHASE_STRIP = NO;
				DEBUG_INFORMATION_FORMAT = "dwarf-with-dsym";
				ENABLE_NS_ASSERTIONS = NO;
				ENABLE_STRICT_OBJC_MSGSEND = YES;
				GCC_C_LANGUAGE_STANDARD = gnu11;
				GCC_NO_COMMON_BLOCKS = YES;
				GCC_WARN_64_TO_32_BIT_CONVERSION = YES;
				GCC_WARN_ABOUT_RETURN_TYPE = YES_ERROR;
				GCC_WARN_UNDECLARED_SELECTOR = YES;
				GCC_WARN_UNINITIALIZED_AUTOS = YES_AGGRESSIVE;
				GCC_WARN_UNUSED_FUNCTION = YES;
				GCC_WARN_UNUSED_VARIABLE = YES;
				IPHONEOS_DEPLOYMENT_TARGET = 13.4;
				MTL_ENABLE_DEBUG_INFO = NO;
				MTL_FAST_MATH = YES;
				SDKROOT = iphoneos;
				SWIFT_COMPILATION_MODE = wholemodule;
				SWIFT_OPTIMIZATION_LEVEL = "-O";
				VALIDATE_PRODUCT = YES;
			};
			name = Release;
		};
		38714B3224BC780C00E9B9FC /* Debug */ = {
			isa = XCBuildConfiguration;
			buildSettings = {
				ASSETCATALOG_COMPILER_APPICON_NAME = AppIcon;
				CODE_SIGN_STYLE = Automatic;
				DEVELOPMENT_TEAM = B3PWYBKFUK;
				INFOPLIST_FILE = EatUpAll/Info.plist;
				LD_RUNPATH_SEARCH_PATHS = (
					"$(inherited)",
					"@executable_path/Frameworks",
				);
				PRODUCT_BUNDLE_IDENTIFIER = "kr.team-rocket.EatUpAll";
				PRODUCT_NAME = "$(TARGET_NAME)";
				SWIFT_VERSION = 5.0;
				TARGETED_DEVICE_FAMILY = "1,2";
			};
			name = Debug;
		};
		38714B3324BC780C00E9B9FC /* Release */ = {
			isa = XCBuildConfiguration;
			buildSettings = {
				ASSETCATALOG_COMPILER_APPICON_NAME = AppIcon;
				CODE_SIGN_STYLE = Automatic;
				DEVELOPMENT_TEAM = B3PWYBKFUK;
				INFOPLIST_FILE = EatUpAll/Info.plist;
				LD_RUNPATH_SEARCH_PATHS = (
					"$(inherited)",
					"@executable_path/Frameworks",
				);
				PRODUCT_BUNDLE_IDENTIFIER = "kr.team-rocket.EatUpAll";
				PRODUCT_NAME = "$(TARGET_NAME)";
				SWIFT_VERSION = 5.0;
				TARGETED_DEVICE_FAMILY = "1,2";
			};
			name = Release;
		};
/* End XCBuildConfiguration section */

/* Begin XCConfigurationList section */
		38714B1824BC780A00E9B9FC /* Build configuration list for PBXProject "EatUpAll" */ = {
			isa = XCConfigurationList;
			buildConfigurations = (
				38714B2F24BC780C00E9B9FC /* Debug */,
				38714B3024BC780C00E9B9FC /* Release */,
			);
			defaultConfigurationIsVisible = 0;
			defaultConfigurationName = Release;
		};
		38714B3124BC780C00E9B9FC /* Build configuration list for PBXNativeTarget "EatUpAll" */ = {
			isa = XCConfigurationList;
			buildConfigurations = (
				38714B3224BC780C00E9B9FC /* Debug */,
				38714B3324BC780C00E9B9FC /* Release */,
			);
			defaultConfigurationIsVisible = 0;
			defaultConfigurationName = Release;
		};
/* End XCConfigurationList section */
	};
	rootObject = 38714B1524BC780A00E9B9FC /* Project object */;
}
